
Microsoft Visual Studio Solution File, Format Version 12.00
# Visual Studio Version 17
VisualStudioVersion = 17.14.36301.6 d17.14
MinimumVisualStudioVersion = 10.0.40219.1
Project("{FAE04EC0-301F-11D3-BF4B-00C04F79EFBC}") = "API", "API\API.csproj", "{C5AD7D61-C61F-4A7B-B436-78E4F0115347}"
EndProject
Project("{FAE04EC0-301F-11D3-BF4B-00C04F79EFBC}") = "Data", "Data\Data.csproj", "{80354F49-C594-49A8-B900-5386A014D649}"
EndProject
Project("{FAE04EC0-301F-11D3-BF4B-00C04F79EFBC}") = "Repositories", "Repositories\Repositories.csproj", "{FE06EFA8-21C3-4150-860F-AEB23EF38B46}"
EndProject
Project("{FAE04EC0-301F-11D3-BF4B-00C04F79EFBC}") = "Services", "Services\Services.csproj", "{8323A865-6124-4846-97CA-D41841D63E6F}"
EndProject
Global
	GlobalSection(SolutionConfigurationPlatforms) = preSolution
		Debug|Any CPU = Debug|Any CPU
		Release|Any CPU = Release|Any CPU
	EndGlobalSection
	GlobalSection(ProjectConfigurationPlatforms) = postSolution
		{C5AD7D61-C61F-4A7B-B436-78E4F0115347}.Debug|Any CPU.ActiveCfg = Debug|Any CPU
		{C5AD7D61-C61F-4A7B-B436-78E4F0115347}.Debug|Any CPU.Build.0 = Debug|Any CPU
		{C5AD7D61-C61F-4A7B-B436-78E4F0115347}.Release|Any CPU.ActiveCfg = Release|Any CPU
		{C5AD7D61-C61F-4A7B-B436-78E4F0115347}.Release|Any CPU.Build.0 = Release|Any CPU
		{80354F49-C594-49A8-B900-5386A014D649}.Debug|Any CPU.ActiveCfg = Debug|Any CPU
		{80354F49-C594-49A8-B900-5386A014D649}.Debug|Any CPU.Build.0 = Debug|Any CPU
		{80354F49-C594-49A8-B900-5386A014D649}.Release|Any CPU.ActiveCfg = Release|Any CPU
		{80354F49-C594-49A8-B900-5386A014D649}.Release|Any CPU.Build.0 = Release|Any CPU
		{FE06EFA8-21C3-4150-860F-AEB23EF38B46}.Debug|Any CPU.ActiveCfg = Debug|Any CPU
		{FE06EFA8-21C3-4150-860F-AEB23EF38B46}.Debug|Any CPU.Build.0 = Debug|Any CPU
		{FE06EFA8-21C3-4150-860F-AEB23EF38B46}.Release|Any CPU.ActiveCfg = Release|Any CPU
		{FE06EFA8-21C3-4150-860F-AEB23EF38B46}.Release|Any CPU.Build.0 = Release|Any CPU
		{8323A865-6124-4846-97CA-D41841D63E6F}.Debug|Any CPU.ActiveCfg = Debug|Any CPU
		{8323A865-6124-4846-97CA-D41841D63E6F}.Debug|Any CPU.Build.0 = Debug|Any CPU
		{8323A865-6124-4846-97CA-D41841D63E6F}.Release|Any CPU.ActiveCfg = Release|Any CPU
		{8323A865-6124-4846-97CA-D41841D63E6F}.Release|Any CPU.Build.0 = Release|Any CPU
	EndGlobalSection
	GlobalSection(SolutionProperties) = preSolution
		HideSolutionNode = FALSE
	EndGlobalSection
	GlobalSection(ExtensibilityGlobals) = postSolution
		SolutionGuid = {DC7E21FD-0EA4-4BA9-8B78-56E65BAFABDC}
	EndGlobalSection
EndGlobal
